{
  "requires": true,
  "lockfileVersion": 1,
  "dependencies": {
    "@slidev/types": {
      "version": "0.39.0",
      "resolved": "https://registry.npmjs.org/@slidev/types/-/types-0.39.0.tgz",
      "integrity": "sha512-WYBCHewOncgIT9g4cxK7fNNqLSdjx8wnHPgpWj7pHHnV/ZxHxaONn7sMkUIlHB4DAGPptMsKIHN/QqQnEHQO7A=="
    },
    "codemirror-theme-vars": {
      "version": "0.1.1",
      "resolved": "https://registry.npmjs.org/codemirror-theme-vars/-/codemirror-theme-vars-0.1.1.tgz",
      "integrity": "sha512-Au0Ysn6tUMZB/1Jd5S8g4Or1kZxTuTnNx6MVs9H46Ad7w8IEjkHusH+4oyia/FBcVuAJO4DIlkDnPM8Qnnf1rg=="
    },
    "prism-theme-vars": {
      "version": "0.2.4",
      "resolved": "https://registry.npmjs.org/prism-theme-vars/-/prism-theme-vars-0.2.4.tgz",
      "integrity": "sha512-B3Pht+GCT87sZph7hMRLlCQXzCM0awW7Rhk08RavpqRW4LEQOeqN0uMG4QCWkul2tr8PB61YAOJGUrEW+1uuJA=="
    },
    "slidev-theme-dracula": {
      "version": "0.1.0",
      "resolved": "https://registry.npmjs.org/slidev-theme-dracula/-/slidev-theme-dracula-0.1.0.tgz",
      "integrity": "sha512-5L6D98lrsPEIL5+daIjaM4D1tz/y4J1DM2U4nCrzKRhItsNBOVqpxKX/413F2+vhIYVXQfen6YNnIT6r2gcuew==",
      "requires": {
        "@slidev/types": "^0.39.0",
        "codemirror-theme-vars": "^0.1.1",
        "prism-theme-vars": "^0.2.4",
        "theme-vitesse": "^0.6.2"
      }
    },
    "theme-vitesse": {
      "version": "0.6.2",
      "resolved": "https://registry.npmjs.org/theme-vitesse/-/theme-vitesse-0.6.2.tgz",
      "integrity": "sha512-ya6nesi7aOKzTZhpVNmfoZDkg1eb4o6P4Iunx6tQ9WQ4vrme/IXevRK9w8dW3FAaTheQ9bCg8vo2UZN2ZLHY7g=="
    }
  }
}
